// !$*UTF8*$!
{
	archiveVersion = 1;
	classes = {
	};
	objectVersion = 46;
	objects = {

/* Begin PBXBuildFile section */
		0F2407D316243AE1000564C6 /* LoginViewController.m in Sources */ = {isa = PBXBuildFile; fileRef = 0F2407D116243AE1000564C6 /* LoginViewController.m */; };
		0F2407D416243AE1000564C6 /* LoginViewController.xib in Resources */ = {isa = PBXBuildFile; fileRef = 0F2407D216243AE1000564C6 /* LoginViewController.xib */; };
		0F2407D716244828000564C6 /* LoginWithAccount.m in Sources */ = {isa = PBXBuildFile; fileRef = 0F2407D616244828000564C6 /* LoginWithAccount.m */; };
		0F2407DE16244FD8000564C6 /* GDataXMLNode.m in Sources */ = {isa = PBXBuildFile; fileRef = 0F2407DD16244FD8000564C6 /* GDataXMLNode.m */; };
		0F2407E01624502D000564C6 /* libxml2.dylib in Frameworks */ = {isa = PBXBuildFile; fileRef = 0F2407DF1624502D000564C6 /* libxml2.dylib */; };
		0F28F4CA162817B000BEEB89 /* btn_done_down@2x.png in Resources */ = {isa = PBXBuildFile; fileRef = 0F28F4C3162817B000BEEB89 /* btn_done_down@2x.png */; };
		0F28F4CB162817B000BEEB89 /* btn_done_up@2x.png in Resources */ = {isa = PBXBuildFile; fileRef = 0F28F4C4162817B000BEEB89 /* btn_done_up@2x.png */; };
		0F28F4CC162817B000BEEB89 /* centerBackground.png in Resources */ = {isa = PBXBuildFile; fileRef = 0F28F4C5162817B000BEEB89 /* centerBackground.png */; };
		0F28F4CD162817B000BEEB89 /* loginNormal.png in Resources */ = {isa = PBXBuildFile; fileRef = 0F28F4C6162817B000BEEB89 /* loginNormal.png */; };
		0F28F4CE162817B000BEEB89 /* navigationbar_bg.png in Resources */ = {isa = PBXBuildFile; fileRef = 0F28F4C7162817B000BEEB89 /* navigationbar_bg.png */; };
		0F28F4CF162817B000BEEB89 /* registerBg.png in Resources */ = {isa = PBXBuildFile; fileRef = 0F28F4C8162817B000BEEB89 /* registerBg.png */; };
		0F28F4D0162817B000BEEB89 /* registerNormal.png in Resources */ = {isa = PBXBuildFile; fileRef = 0F28F4C9162817B000BEEB89 /* registerNormal.png */; };
		0F470CFB16269A6600B792DC /* IsLogin.m in Sources */ = {isa = PBXBuildFile; fileRef = 0F470CFA16269A6600B792DC /* IsLogin.m */; };
		0F8335C316281D5400274114 /* RegexKitLite.m in Sources */ = {isa = PBXBuildFile; fileRef = 0F8335BE16281D5400274114 /* RegexKitLite.m */; };
		0F8335C416281D5400274114 /* RegisterScrollView.m in Sources */ = {isa = PBXBuildFile; fileRef = 0F8335C016281D5400274114 /* RegisterScrollView.m */; };
		0F8335C816281E5300274114 /* libicucore.dylib in Frameworks */ = {isa = PBXBuildFile; fileRef = 0F8335C716281E5300274114 /* libicucore.dylib */; };
		0F924EDF1623AE8800C7FFEB /* UIKit.framework in Frameworks */ = {isa = PBXBuildFile; fileRef = 0F924EDE1623AE8700C7FFEB /* UIKit.framework */; };
		0F924EE11623AE8800C7FFEB /* Foundation.framework in Frameworks */ = {isa = PBXBuildFile; fileRef = 0F924EE01623AE8800C7FFEB /* Foundation.framework */; };
		0F924EE31623AE8800C7FFEB /* CoreGraphics.framework in Frameworks */ = {isa = PBXBuildFile; fileRef = 0F924EE21623AE8800C7FFEB /* CoreGraphics.framework */; };
		0F924EE91623AE8800C7FFEB /* InfoPlist.strings in Resources */ = {isa = PBXBuildFile; fileRef = 0F924EE71623AE8800C7FFEB /* InfoPlist.strings */; };
		0F924EEB1623AE8800C7FFEB /* main.m in Sources */ = {isa = PBXBuildFile; fileRef = 0F924EEA1623AE8800C7FFEB /* main.m */; };
		0F924EEF1623AE8800C7FFEB /* AppDelegate.m in Sources */ = {isa = PBXBuildFile; fileRef = 0F924EEE1623AE8800C7FFEB /* AppDelegate.m */; };
		0F97D00E16252944007E3426 /* Resume.m in Sources */ = {isa = PBXBuildFile; fileRef = 0F97D00D16252944007E3426 /* Resume.m */; };
		0F97D01B1625457D007E3426 /* DNWrapper.m in Sources */ = {isa = PBXBuildFile; fileRef = 0F97D01A1625457D007E3426 /* DNWrapper.m */; };
		0F97D02916256369007E3426 /* FindPassWordViewController.m in Sources */ = {isa = PBXBuildFile; fileRef = 0F97D02716256368007E3426 /* FindPassWordViewController.m */; };
		0F97D02A16256369007E3426 /* FindPassWordViewController.xib in Resources */ = {isa = PBXBuildFile; fileRef = 0F97D02816256369007E3426 /* FindPassWordViewController.xib */; };
		0F97D02D16259183007E3426 /* ResumeViewCell.m in Sources */ = {isa = PBXBuildFile; fileRef = 0F97D02C16259183007E3426 /* ResumeViewCell.m */; };
		0F97D07B16259EFD007E3426 /* company_info.png in Resources */ = {isa = PBXBuildFile; fileRef = 0F97D02F16259EFD007E3426 /* company_info.png */; };
		0F97D07C16259EFD007E3426 /* company_info_hl.png in Resources */ = {isa = PBXBuildFile; fileRef = 0F97D03016259EFD007E3426 /* company_info_hl.png */; };
		0F97D07D16259EFD007E3426 /* edit_btn.png in Resources */ = {isa = PBXBuildFile; fileRef = 0F97D03116259EFD007E3426 /* edit_btn.png */; };
		0F97D07E16259EFD007E3426 /* edit_btn_hl.png in Resources */ = {isa = PBXBuildFile; fileRef = 0F97D03216259EFD007E3426 /* edit_btn_hl.png */; };
		0F97D07F16259EFD007E3426 /* email_detail_content_bg.png in Resources */ = {isa = PBXBuildFile; fileRef = 0F97D03316259EFD007E3426 /* email_detail_content_bg.png */; };
		0F97D08016259EFD007E3426 /* email_detail_content_bg@2x.png in Resources */ = {isa = PBXBuildFile; fileRef = 0F97D03416259EFD007E3426 /* email_detail_content_bg@2x.png */; };
		0F97D08116259EFD007E3426 /* email_detail_title_bg.png in Resources */ = {isa = PBXBuildFile; fileRef = 0F97D03516259EFD007E3426 /* email_detail_title_bg.png */; };
		0F97D08216259EFD007E3426 /* email_detail_title_bg@2x.png in Resources */ = {isa = PBXBuildFile; fileRef = 0F97D03616259EFD007E3426 /* email_detail_title_bg@2x.png */; };
		0F97D08316259EFD007E3426 /* expand_icon.png in Resources */ = {isa = PBXBuildFile; fileRef = 0F97D03716259EFD007E3426 /* expand_icon.png */; };
		0F97D08416259EFD007E3426 /* favorite.png in Resources */ = {isa = PBXBuildFile; fileRef = 0F97D03816259EFD007E3426 /* favorite.png */; };
		0F97D08516259EFD007E3426 /* favorite@2x.png in Resources */ = {isa = PBXBuildFile; fileRef = 0F97D03916259EFD007E3426 /* favorite@2x.png */; };
		0F97D08616259EFE007E3426 /* favorite_disable.png in Resources */ = {isa = PBXBuildFile; fileRef = 0F97D03A16259EFD007E3426 /* favorite_disable.png */; };
		0F97D08716259EFE007E3426 /* favorite_disable@2x.png in Resources */ = {isa = PBXBuildFile; fileRef = 0F97D03B16259EFD007E3426 /* favorite_disable@2x.png */; };
		0F97D08816259EFE007E3426 /* finish_edit_btn.png in Resources */ = {isa = PBXBuildFile; fileRef = 0F97D03C16259EFD007E3426 /* finish_edit_btn.png */; };
		0F97D08916259EFE007E3426 /* finish_edit_btn_hl.png in Resources */ = {isa = PBXBuildFile; fileRef = 0F97D03D16259EFD007E3426 /* finish_edit_btn_hl.png */; };
		0F97D08A16259EFE007E3426 /* input_bg.png in Resources */ = {isa = PBXBuildFile; fileRef = 0F97D03E16259EFD007E3426 /* input_bg.png */; };
		0F97D08B16259EFE007E3426 /* input_bg@2x.png in Resources */ = {isa = PBXBuildFile; fileRef = 0F97D03F16259EFD007E3426 /* input_bg@2x.png */; };
		0F97D08C16259EFE007E3426 /* job_info.png in Resources */ = {isa = PBXBuildFile; fileRef = 0F97D04016259EFD007E3426 /* job_info.png */; };
		0F97D08D16259EFE007E3426 /* job_info_hl.png in Resources */ = {isa = PBXBuildFile; fileRef = 0F97D04116259EFD007E3426 /* job_info_hl.png */; };
		0F97D08E16259EFE007E3426 /* job_record.png in Resources */ = {isa = PBXBuildFile; fileRef = 0F97D04216259EFD007E3426 /* job_record.png */; };
		0F97D08F16259EFE007E3426 /* job_record@2x.png in Resources */ = {isa = PBXBuildFile; fileRef = 0F97D04316259EFD007E3426 /* job_record@2x.png */; };
		0F97D09016259EFE007E3426 /* job_record_disable.png in Resources */ = {isa = PBXBuildFile; fileRef = 0F97D04416259EFD007E3426 /* job_record_disable.png */; };
		0F97D09116259EFE007E3426 /* job_record_disable@2x.png in Resources */ = {isa = PBXBuildFile; fileRef = 0F97D04516259EFD007E3426 /* job_record_disable@2x.png */; };
		0F97D09216259EFE007E3426 /* login_bt.png in Resources */ = {isa = PBXBuildFile; fileRef = 0F97D04616259EFD007E3426 /* login_bt.png */; };
		0F97D09316259EFE007E3426 /* login_bt@2x.png in Resources */ = {isa = PBXBuildFile; fileRef = 0F97D04716259EFD007E3426 /* login_bt@2x.png */; };
		0F97D09416259EFE007E3426 /* loginBg.png in Resources */ = {isa = PBXBuildFile; fileRef = 0F97D04816259EFD007E3426 /* loginBg.png */; };
		0F97D09516259EFE007E3426 /* loginBg@2x.png in Resources */ = {isa = PBXBuildFile; fileRef = 0F97D04916259EFD007E3426 /* loginBg@2x.png */; };
		0F97D09616259EFE007E3426 /* loginNormal.png in Resources */ = {isa = PBXBuildFile; fileRef = 0F97D04A16259EFD007E3426 /* loginNormal.png */; };
		0F97D09716259EFE007E3426 /* loginNormal@2x.png in Resources */ = {isa = PBXBuildFile; fileRef = 0F97D04B16259EFD007E3426 /* loginNormal@2x.png */; };
		0F97D09816259EFE007E3426 /* loginPress.png in Resources */ = {isa = PBXBuildFile; fileRef = 0F97D04C16259EFD007E3426 /* loginPress.png */; };
		0F97D09916259EFE007E3426 /* loginPress@2x.png in Resources */ = {isa = PBXBuildFile; fileRef = 0F97D04D16259EFD007E3426 /* loginPress@2x.png */; };
		0F97D09A16259EFE007E3426 /* myzl_nosearcher_view.html in Resources */ = {isa = PBXBuildFile; fileRef = 0F97D04E16259EFD007E3426 /* myzl_nosearcher_view.html */; };
		0F97D09B16259EFE007E3426 /* myzl_top_view.html in Resources */ = {isa = PBXBuildFile; fileRef = 0F97D04F16259EFD007E3426 /* myzl_top_view.html */; };
		0F97D09C16259EFE007E3426 /* no_expand_icon.png in Resources */ = {isa = PBXBuildFile; fileRef = 0F97D05016259EFD007E3426 /* no_expand_icon.png */; };
		0F97D09D16259EFE007E3426 /* reader_flag.png in Resources */ = {isa = PBXBuildFile; fileRef = 0F97D05116259EFD007E3426 /* reader_flag.png */; };
		0F97D09E16259EFE007E3426 /* reader_flag@2x.png in Resources */ = {isa = PBXBuildFile; fileRef = 0F97D05216259EFD007E3426 /* reader_flag@2x.png */; };
		0F97D09F16259EFE007E3426 /* registerBg.png in Resources */ = {isa = PBXBuildFile; fileRef = 0F97D05316259EFD007E3426 /* registerBg.png */; };
		0F97D0A016259EFE007E3426 /* registerBg@2x.png in Resources */ = {isa = PBXBuildFile; fileRef = 0F97D05416259EFD007E3426 /* registerBg@2x.png */; };
		0F97D0A116259EFE007E3426 /* registerNormal.png in Resources */ = {isa = PBXBuildFile; fileRef = 0F97D05516259EFD007E3426 /* registerNormal.png */; };
		0F97D0A216259EFE007E3426 /* registerNormal@2x.png in Resources */ = {isa = PBXBuildFile; fileRef = 0F97D05616259EFD007E3426 /* registerNormal@2x.png */; };
		0F97D0A316259EFE007E3426 /* registerPress.png in Resources */ = {isa = PBXBuildFile; fileRef = 0F97D05716259EFD007E3426 /* registerPress.png */; };
		0F97D0A416259EFE007E3426 /* registerPress@2x.png in Resources */ = {isa = PBXBuildFile; fileRef = 0F97D05816259EFD007E3426 /* registerPress@2x.png */; };
		0F97D0A516259EFE007E3426 /* reresh_resume_button.png in Resources */ = {isa = PBXBuildFile; fileRef = 0F97D05916259EFD007E3426 /* reresh_resume_button.png */; };
		0F97D0A616259EFE007E3426 /* reresh_resume_button@2x.png in Resources */ = {isa = PBXBuildFile; fileRef = 0F97D05A16259EFD007E3426 /* reresh_resume_button@2x.png */; };
		0F97D0A716259EFE007E3426 /* reresh_resume_button_press.png in Resources */ = {isa = PBXBuildFile; fileRef = 0F97D05B16259EFD007E3426 /* reresh_resume_button_press.png */; };
		0F97D0A816259EFE007E3426 /* reresh_resume_button_press@2x.png in Resources */ = {isa = PBXBuildFile; fileRef = 0F97D05C16259EFD007E3426 /* reresh_resume_button_press@2x.png */; };
		0F97D0A916259EFE007E3426 /* resume_page_bg.png in Resources */ = {isa = PBXBuildFile; fileRef = 0F97D05D16259EFD007E3426 /* resume_page_bg.png */; };
		0F97D0AA16259EFE007E3426 /* resume_page_bg@2x.png in Resources */ = {isa = PBXBuildFile; fileRef = 0F97D05E16259EFD007E3426 /* resume_page_bg@2x.png */; };
		0F97D0AB16259EFE007E3426 /* resume_selected.png in Resources */ = {isa = PBXBuildFile; fileRef = 0F97D05F16259EFD007E3426 /* resume_selected.png */; };
		0F97D0AC16259EFE007E3426 /* resume_selected@2x.png in Resources */ = {isa = PBXBuildFile; fileRef = 0F97D06016259EFD007E3426 /* resume_selected@2x.png */; };
		0F97D0AD16259EFF007E3426 /* resume_unselected.png in Resources */ = {isa = PBXBuildFile; fileRef = 0F97D06116259EFD007E3426 /* resume_unselected.png */; };
		0F97D0AE16259EFF007E3426 /* resume_unselected@2x.png in Resources */ = {isa = PBXBuildFile; fileRef = 0F97D06216259EFD007E3426 /* resume_unselected@2x.png */; };
		0F97D0AF16259EFF007E3426 /* RetrivePWDBg.png in Resources */ = {isa = PBXBuildFile; fileRef = 0F97D06316259EFD007E3426 /* RetrivePWDBg.png */; };
		0F97D0B016259EFF007E3426 /* RetrivePWDBg@2x.png in Resources */ = {isa = PBXBuildFile; fileRef = 0F97D06416259EFD007E3426 /* RetrivePWDBg@2x.png */; };
		0F97D0B116259EFF007E3426 /* RetrivePWDSucBg.png in Resources */ = {isa = PBXBuildFile; fileRef = 0F97D06516259EFD007E3426 /* RetrivePWDSucBg.png */; };
		0F97D0B216259EFF007E3426 /* RetrivePWDSucBg@2x.png in Resources */ = {isa = PBXBuildFile; fileRef = 0F97D06616259EFD007E3426 /* RetrivePWDSucBg@2x.png */; };
		0F97D0B316259EFF007E3426 /* rigister_bt.png in Resources */ = {isa = PBXBuildFile; fileRef = 0F97D06716259EFD007E3426 /* rigister_bt.png */; };
		0F97D0B416259EFF007E3426 /* rigister_bt@2x.png in Resources */ = {isa = PBXBuildFile; fileRef = 0F97D06816259EFD007E3426 /* rigister_bt@2x.png */; };
		0F97D0B516259EFF007E3426 /* save_searcher.png in Resources */ = {isa = PBXBuildFile; fileRef = 0F97D06916259EFD007E3426 /* save_searcher.png */; };
		0F97D0B616259EFF007E3426 /* save_searcher_hl.png in Resources */ = {isa = PBXBuildFile; fileRef = 0F97D06A16259EFD007E3426 /* save_searcher_hl.png */; };
		0F97D0B716259EFF007E3426 /* searchSubscribeViewController.png in Resources */ = {isa = PBXBuildFile; fileRef = 0F97D06B16259EFD007E3426 /* searchSubscribeViewController.png */; };
		0F97D0B816259EFF007E3426 /* searchSubscribeViewController@2x.png in Resources */ = {isa = PBXBuildFile; fileRef = 0F97D06C16259EFD007E3426 /* searchSubscribeViewController@2x.png */; };
		0F97D0B916259EFF007E3426 /* searchSubscribeViewController_disable.png in Resources */ = {isa = PBXBuildFile; fileRef = 0F97D06D16259EFD007E3426 /* searchSubscribeViewController_disable.png */; };
		0F97D0BA16259EFF007E3426 /* searchSubscribeViewController_disable@2x.png in Resources */ = {isa = PBXBuildFile; fileRef = 0F97D06E16259EFD007E3426 /* searchSubscribeViewController_disable@2x.png */; };
		0F97D0BB16259EFF007E3426 /* select_icon.png in Resources */ = {isa = PBXBuildFile; fileRef = 0F97D06F16259EFD007E3426 /* select_icon.png */; };
		0F97D0BC16259EFF007E3426 /* select_icon@2x.png in Resources */ = {isa = PBXBuildFile; fileRef = 0F97D07016259EFD007E3426 /* select_icon@2x.png */; };
		0F97D0BD16259EFF007E3426 /* unreader.png in Resources */ = {isa = PBXBuildFile; fileRef = 0F97D07116259EFD007E3426 /* unreader.png */; };
		0F97D0BE16259EFF007E3426 /* unreader@2x.png in Resources */ = {isa = PBXBuildFile; fileRef = 0F97D07216259EFD007E3426 /* unreader@2x.png */; };
		0F97D0BF16259EFF007E3426 /* unreader_disable.png in Resources */ = {isa = PBXBuildFile; fileRef = 0F97D07316259EFD007E3426 /* unreader_disable.png */; };
		0F97D0C016259EFF007E3426 /* unreader_disable@2x.png in Resources */ = {isa = PBXBuildFile; fileRef = 0F97D07416259EFD007E3426 /* unreader_disable@2x.png */; };
		0F97D0C116259EFF007E3426 /* unreader_flag.png in Resources */ = {isa = PBXBuildFile; fileRef = 0F97D07516259EFD007E3426 /* unreader_flag.png */; };
		0F97D0C216259EFF007E3426 /* unreader_flag@2x.png in Resources */ = {isa = PBXBuildFile; fileRef = 0F97D07616259EFD007E3426 /* unreader_flag@2x.png */; };
		0F97D0C316259EFF007E3426 /* unselect_icon.png in Resources */ = {isa = PBXBuildFile; fileRef = 0F97D07716259EFD007E3426 /* unselect_icon.png */; };
		0F97D0C416259EFF007E3426 /* unselect_icon@2x.png in Resources */ = {isa = PBXBuildFile; fileRef = 0F97D07816259EFD007E3426 /* unselect_icon@2x.png */; };
		0F97D0C516259EFF007E3426 /* xiaoren.png in Resources */ = {isa = PBXBuildFile; fileRef = 0F97D07916259EFD007E3426 /* xiaoren.png */; };
		0F97D0C616259EFF007E3426 /* xiaoren@2x.png in Resources */ = {isa = PBXBuildFile; fileRef = 0F97D07A16259EFD007E3426 /* xiaoren@2x.png */; };
		0F97D0E11625A7CB007E3426 /* centerBackground.png in Resources */ = {isa = PBXBuildFile; fileRef = 0F97D0CE1625A7CB007E3426 /* centerBackground.png */; };
		0F97D0E21625A7CB007E3426 /* centerBackground@2x.png in Resources */ = {isa = PBXBuildFile; fileRef = 0F97D0CF1625A7CB007E3426 /* centerBackground@2x.png */; };
		0F97D0E31625A7CB007E3426 /* navigationbar_bg.png in Resources */ = {isa = PBXBuildFile; fileRef = 0F97D0D01625A7CB007E3426 /* navigationbar_bg.png */; };
		0F97D0E41625A7CB007E3426 /* navigationbar_bg@2x.png in Resources */ = {isa = PBXBuildFile; fileRef = 0F97D0D11625A7CB007E3426 /* navigationbar_bg@2x.png */; };
		0F97D0E51625A7CB007E3426 /* search_result_selected.png in Resources */ = {isa = PBXBuildFile; fileRef = 0F97D0D21625A7CB007E3426 /* search_result_selected.png */; };
		0F97D0E61625A7CB007E3426 /* search_result_selected@2x.png in Resources */ = {isa = PBXBuildFile; fileRef = 0F97D0D31625A7CB007E3426 /* search_result_selected@2x.png */; };
		0F97D0E71625A7CB007E3426 /* search_result_unselected.png in Resources */ = {isa = PBXBuildFile; fileRef = 0F97D0D41625A7CB007E3426 /* search_result_unselected.png */; };
		0F97D0E81625A7CB007E3426 /* search_result_unselected@2x.png in Resources */ = {isa = PBXBuildFile; fileRef = 0F97D0D51625A7CB007E3426 /* search_result_unselected@2x.png */; };
		0F97D0E91625A7CB007E3426 /* searchItem_del.png in Resources */ = {isa = PBXBuildFile; fileRef = 0F97D0D61625A7CB007E3426 /* searchItem_del.png */; };
		0F97D0EA1625A7CB007E3426 /* searchItem_del@2x.png in Resources */ = {isa = PBXBuildFile; fileRef = 0F97D0D71625A7CB007E3426 /* searchItem_del@2x.png */; };
		0F97D0EB1625A7CB007E3426 /* setting-button-click.png in Resources */ = {isa = PBXBuildFile; fileRef = 0F97D0D81625A7CB007E3426 /* setting-button-click.png */; };
		0F97D0EC1625A7CB007E3426 /* setting-button-click@2x.png in Resources */ = {isa = PBXBuildFile; fileRef = 0F97D0D91625A7CB007E3426 /* setting-button-click@2x.png */; };
		0F97D0ED1625A7CB007E3426 /* setting-button.png in Resources */ = {isa = PBXBuildFile; fileRef = 0F97D0DA1625A7CB007E3426 /* setting-button.png */; };
		0F97D0EE1625A7CB007E3426 /* setting-button@2x.png in Resources */ = {isa = PBXBuildFile; fileRef = 0F97D0DB1625A7CB007E3426 /* setting-button@2x.png */; };
		0F97D0EF1625A7CB007E3426 /* setting-form-back-button-click.png in Resources */ = {isa = PBXBuildFile; fileRef = 0F97D0DC1625A7CB007E3426 /* setting-form-back-button-click.png */; };
		0F97D0F01625A7CB007E3426 /* setting-form-back-button-click@2x.png in Resources */ = {isa = PBXBuildFile; fileRef = 0F97D0DD1625A7CB007E3426 /* setting-form-back-button-click@2x.png */; };
		0F97D0F11625A7CB007E3426 /* setting-form-back-button.png in Resources */ = {isa = PBXBuildFile; fileRef = 0F97D0DE1625A7CB007E3426 /* setting-form-back-button.png */; };
		0F97D0F21625A7CB007E3426 /* setting-form-back-button@2x.png in Resources */ = {isa = PBXBuildFile; fileRef = 0F97D0DF1625A7CB007E3426 /* setting-form-back-button@2x.png */; };
		0F97D0F31625A7CB007E3426 /* toast_bg.png in Resources */ = {isa = PBXBuildFile; fileRef = 0F97D0E01625A7CB007E3426 /* toast_bg.png */; };
		0F9F978A162B9B7A00AAA1B9 /* AutimaticLogin.m in Sources */ = {isa = PBXBuildFile; fileRef = 0F9F9789162B9B7A00AAA1B9 /* AutimaticLogin.m */; };
		0F9F97A0162C183F00AAA1B9 /* TapShowController.m in Sources */ = {isa = PBXBuildFile; fileRef = 0F9F979E162C183F00AAA1B9 /* TapShowController.m */; };
		0F9F97A1162C183F00AAA1B9 /* TapShowController.xib in Resources */ = {isa = PBXBuildFile; fileRef = 0F9F979F162C183F00AAA1B9 /* TapShowController.xib */; };
		0FA36C6E16264E4600A3A800 /* A2MyzlViewController.m in Sources */ = {isa = PBXBuildFile; fileRef = 0FA36C6C16264E4600A3A800 /* A2MyzlViewController.m */; };
		0FA36C6F16264E4600A3A800 /* A2MyzlViewController.xib in Resources */ = {isa = PBXBuildFile; fileRef = 0FA36C6D16264E4600A3A800 /* A2MyzlViewController.xib */; };
		0FA36C761626503F00A3A800 /* A2ResumeView.m in Sources */ = {isa = PBXBuildFile; fileRef = 0FA36C751626503F00A3A800 /* A2ResumeView.m */; };
		0FA6C152162D2C4C00F646BD /* CompanyCell.m in Sources */ = {isa = PBXBuildFile; fileRef = 0FA6C151162D2C4C00F646BD /* CompanyCell.m */; };
		0FA6C156162D407D00F646BD /* Company.m in Sources */ = {isa = PBXBuildFile; fileRef = 0FA6C155162D407D00F646BD /* Company.m */; };
		0FAC0052162EA45A0009A587 /* RegisterViewController.m in Sources */ = {isa = PBXBuildFile; fileRef = 0FAC0051162EA45A0009A587 /* RegisterViewController.m */; };
/* End PBXBuildFile section */

/* Begin PBXFileReference section */
		0F2407D016243AE1000564C6 /* LoginViewController.h */ = {isa = PBXFileReference; fileEncoding = 4; lastKnownFileType = sourcecode.c.h; path = LoginViewController.h; sourceTree = "<group>"; };
		0F2407D116243AE1000564C6 /* LoginViewController.m */ = {isa = PBXFileReference; fileEncoding = 4; lastKnownFileType = sourcecode.c.objc; path = LoginViewController.m; sourceTree = "<group>"; };
		0F2407D216243AE1000564C6 /* LoginViewController.xib */ = {isa = PBXFileReference; fileEncoding = 4; lastKnownFileType = file.xib; path = LoginViewController.xib; sourceTree = "<group>"; };
		0F2407D516244828000564C6 /* LoginWithAccount.h */ = {isa = PBXFileReference; fileEncoding = 4; lastKnownFileType = sourcecode.c.h; path = LoginWithAccount.h; sourceTree = "<group>"; };
		0F2407D616244828000564C6 /* LoginWithAccount.m */ = {isa = PBXFileReference; fileEncoding = 4; lastKnownFileType = sourcecode.c.objc; path = LoginWithAccount.m; sourceTree = "<group>"; };
		0F2407DC16244FD8000564C6 /* GDataXMLNode.h */ = {isa = PBXFileReference; fileEncoding = 4; lastKnownFileType = sourcecode.c.h; name = GDataXMLNode.h; path = ../GDataXMLNode.h; sourceTree = "<group>"; };
		0F2407DD16244FD8000564C6 /* GDataXMLNode.m */ = {isa = PBXFileReference; fileEncoding = 4; lastKnownFileType = sourcecode.c.objc; name = GDataXMLNode.m; path = ../GDataXMLNode.m; sourceTree = "<group>"; };
		0F2407DF1624502D000564C6 /* libxml2.dylib */ = {isa = PBXFileReference; lastKnownFileType = "compiled.mach-o.dylib"; name = libxml2.dylib; path = usr/lib/libxml2.dylib; sourceTree = SDKROOT; };
		0F28F4C3162817B000BEEB89 /* btn_done_down@2x.png */ = {isa = PBXFileReference; lastKnownFileType = image.png; path = "btn_done_down@2x.png"; sourceTree = "<group>"; };
		0F28F4C4162817B000BEEB89 /* btn_done_up@2x.png */ = {isa = PBXFileReference; lastKnownFileType = image.png; path = "btn_done_up@2x.png"; sourceTree = "<group>"; };
		0F28F4C5162817B000BEEB89 /* centerBackground.png */ = {isa = PBXFileReference; lastKnownFileType = image.png; path = centerBackground.png; sourceTree = "<group>"; };
		0F28F4C6162817B000BEEB89 /* loginNormal.png */ = {isa = PBXFileReference; lastKnownFileType = image.png; path = loginNormal.png; sourceTree = "<group>"; };
		0F28F4C7162817B000BEEB89 /* navigationbar_bg.png */ = {isa = PBXFileReference; lastKnownFileType = image.png; path = navigationbar_bg.png; sourceTree = "<group>"; };
		0F28F4C8162817B000BEEB89 /* registerBg.png */ = {isa = PBXFileReference; lastKnownFileType = image.png; path = registerBg.png; sourceTree = "<group>"; };
		0F28F4C9162817B000BEEB89 /* registerNormal.png */ = {isa = PBXFileReference; lastKnownFileType = image.png; path = registerNormal.png; sourceTree = "<group>"; };
		0F470CF916269A6600B792DC /* IsLogin.h */ = {isa = PBXFileReference; fileEncoding = 4; lastKnownFileType = sourcecode.c.h; path = IsLogin.h; sourceTree = "<group>"; };
		0F470CFA16269A6600B792DC /* IsLogin.m */ = {isa = PBXFileReference; fileEncoding = 4; lastKnownFileType = sourcecode.c.objc; path = IsLogin.m; sourceTree = "<group>"; };
		0F8335BD16281D5400274114 /* RegexKitLite.h */ = {isa = PBXFileReference; fileEncoding = 4; lastKnownFileType = sourcecode.c.h; path = RegexKitLite.h; sourceTree = "<group>"; };
		0F8335BE16281D5400274114 /* RegexKitLite.m */ = {isa = PBXFileReference; fileEncoding = 4; lastKnownFileType = sourcecode.c.objc; path = RegexKitLite.m; sourceTree = "<group>"; };
		0F8335BF16281D5400274114 /* RegisterScrollView.h */ = {isa = PBXFileReference; fileEncoding = 4; lastKnownFileType = sourcecode.c.h; path = RegisterScrollView.h; sourceTree = "<group>"; };
		0F8335C016281D5400274114 /* RegisterScrollView.m */ = {isa = PBXFileReference; fileEncoding = 4; lastKnownFileType = sourcecode.c.objc; path = RegisterScrollView.m; sourceTree = "<group>"; };
		0F8335C716281E5300274114 /* libicucore.dylib */ = {isa = PBXFileReference; lastKnownFileType = "compiled.mach-o.dylib"; name = libicucore.dylib; path = usr/lib/libicucore.dylib; sourceTree = SDKROOT; };
		0F924EDA1623AE8700C7FFEB /* LogIn.app */ = {isa = PBXFileReference; explicitFileType = wrapper.application; includeInIndex = 0; path = LogIn.app; sourceTree = BUILT_PRODUCTS_DIR; };
		0F924EDE1623AE8700C7FFEB /* UIKit.framework */ = {isa = PBXFileReference; lastKnownFileType = wrapper.framework; name = UIKit.framework; path = System/Library/Frameworks/UIKit.framework; sourceTree = SDKROOT; };
		0F924EE01623AE8800C7FFEB /* Foundation.framework */ = {isa = PBXFileReference; lastKnownFileType = wrapper.framework; name = Foundation.framework; path = System/Library/Frameworks/Foundation.framework; sourceTree = SDKROOT; };
		0F924EE21623AE8800C7FFEB /* CoreGraphics.framework */ = {isa = PBXFileReference; lastKnownFileType = wrapper.framework; name = CoreGraphics.framework; path = System/Library/Frameworks/CoreGraphics.framework; sourceTree = SDKROOT; };
		0F924EE61623AE8800C7FFEB /* LogIn-Info.plist */ = {isa = PBXFileReference; lastKnownFileType = text.plist.xml; path = "LogIn-Info.plist"; sourceTree = "<group>"; };
		0F924EE81623AE8800C7FFEB /* en */ = {isa = PBXFileReference; lastKnownFileType = text.plist.strings; name = en; path = en.lproj/InfoPlist.strings; sourceTree = "<group>"; };
		0F924EEA1623AE8800C7FFEB /* main.m */ = {isa = PBXFileReference; lastKnownFileType = sourcecode.c.objc; path = main.m; sourceTree = "<group>"; };
		0F924EEC1623AE8800C7FFEB /* LogIn-Prefix.pch */ = {isa = PBXFileReference; lastKnownFileType = sourcecode.c.h; path = "LogIn-Prefix.pch"; sourceTree = "<group>"; };
		0F924EED1623AE8800C7FFEB /* AppDelegate.h */ = {isa = PBXFileReference; lastKnownFileType = sourcecode.c.h; path = AppDelegate.h; sourceTree = "<group>"; };
		0F924EEE1623AE8800C7FFEB /* AppDelegate.m */ = {isa = PBXFileReference; lastKnownFileType = sourcecode.c.objc; path = AppDelegate.m; sourceTree = "<group>"; };
		0F97D00C16252944007E3426 /* Resume.h */ = {isa = PBXFileReference; fileEncoding = 4; lastKnownFileType = sourcecode.c.h; path = Resume.h; sourceTree = "<group>"; };
		0F97D00D16252944007E3426 /* Resume.m */ = {isa = PBXFileReference; fileEncoding = 4; lastKnownFileType = sourcecode.c.objc; path = Resume.m; sourceTree = "<group>"; };
		0F97D0191625457D007E3426 /* DNWrapper.h */ = {isa = PBXFileReference; fileEncoding = 4; lastKnownFileType = sourcecode.c.h; path = DNWrapper.h; sourceTree = "<group>"; };
		0F97D01A1625457D007E3426 /* DNWrapper.m */ = {isa = PBXFileReference; fileEncoding = 4; lastKnownFileType = sourcecode.c.objc; path = DNWrapper.m; sourceTree = "<group>"; };
		0F97D02616256367007E3426 /* FindPassWordViewController.h */ = {isa = PBXFileReference; fileEncoding = 4; lastKnownFileType = sourcecode.c.h; path = FindPassWordViewController.h; sourceTree = "<group>"; };
		0F97D02716256368007E3426 /* FindPassWordViewController.m */ = {isa = PBXFileReference; fileEncoding = 4; lastKnownFileType = sourcecode.c.objc; path = FindPassWordViewController.m; sourceTree = "<group>"; };
		0F97D02816256369007E3426 /* FindPassWordViewController.xib */ = {isa = PBXFileReference; fileEncoding = 4; lastKnownFileType = file.xib; path = FindPassWordViewController.xib; sourceTree = "<group>"; };
		0F97D02B16259182007E3426 /* ResumeViewCell.h */ = {isa = PBXFileReference; fileEncoding = 4; lastKnownFileType = sourcecode.c.h; path = ResumeViewCell.h; sourceTree = "<group>"; };
		0F97D02C16259183007E3426 /* ResumeViewCell.m */ = {isa = PBXFileReference; fileEncoding = 4; lastKnownFileType = sourcecode.c.objc; path = ResumeViewCell.m; sourceTree = "<group>"; };
		0F97D02F16259EFD007E3426 /* company_info.png */ = {isa = PBXFileReference; lastKnownFileType = image.png; path = company_info.png; sourceTree = "<group>"; };
		0F97D03016259EFD007E3426 /* company_info_hl.png */ = {isa = PBXFileReference; lastKnownFileType = image.png; path = company_info_hl.png; sourceTree = "<group>"; };
		0F97D03116259EFD007E3426 /* edit_btn.png */ = {isa = PBXFileReference; lastKnownFileType = image.png; path = edit_btn.png; sourceTree = "<group>"; };
		0F97D03216259EFD007E3426 /* edit_btn_hl.png */ = {isa = PBXFileReference; lastKnownFileType = image.png; path = edit_btn_hl.png; sourceTree = "<group>"; };
		0F97D03316259EFD007E3426 /* email_detail_content_bg.png */ = {isa = PBXFileReference; lastKnownFileType = image.png; path = email_detail_content_bg.png; sourceTree = "<group>"; };
		0F97D03416259EFD007E3426 /* email_detail_content_bg@2x.png */ = {isa = PBXFileReference; lastKnownFileType = image.png; path = "email_detail_content_bg@2x.png"; sourceTree = "<group>"; };
		0F97D03516259EFD007E3426 /* email_detail_title_bg.png */ = {isa = PBXFileReference; lastKnownFileType = image.png; path = email_detail_title_bg.png; sourceTree = "<group>"; };
		0F97D03616259EFD007E3426 /* email_detail_title_bg@2x.png */ = {isa = PBXFileReference; lastKnownFileType = image.png; path = "email_detail_title_bg@2x.png"; sourceTree = "<group>"; };
		0F97D03716259EFD007E3426 /* expand_icon.png */ = {isa = PBXFileReference; lastKnownFileType = image.png; path = expand_icon.png; sourceTree = "<group>"; };
		0F97D03816259EFD007E3426 /* favorite.png */ = {isa = PBXFileReference; lastKnownFileType = image.png; path = favorite.png; sourceTree = "<group>"; };
		0F97D03916259EFD007E3426 /* favorite@2x.png */ = {isa = PBXFileReference; lastKnownFileType = image.png; path = "favorite@2x.png"; sourceTree = "<group>"; };
		0F97D03A16259EFD007E3426 /* favorite_disable.png */ = {isa = PBXFileReference; lastKnownFileType = image.png; path = favorite_disable.png; sourceTree = "<group>"; };
		0F97D03B16259EFD007E3426 /* favorite_disable@2x.png */ = {isa = PBXFileReference; lastKnownFileType = image.png; path = "favorite_disable@2x.png"; sourceTree = "<group>"; };
		0F97D03C16259EFD007E3426 /* finish_edit_btn.png */ = {isa = PBXFileReference; lastKnownFileType = image.png; path = finish_edit_btn.png; sourceTree = "<group>"; };
		0F97D03D16259EFD007E3426 /* finish_edit_btn_hl.png */ = {isa = PBXFileReference; lastKnownFileType = image.png; path = finish_edit_btn_hl.png; sourceTree = "<group>"; };
		0F97D03E16259EFD007E3426 /* input_bg.png */ = {isa = PBXFileReference; lastKnownFileType = image.png; path = input_bg.png; sourceTree = "<group>"; };
		0F97D03F16259EFD007E3426 /* input_bg@2x.png */ = {isa = PBXFileReference; lastKnownFileType = image.png; path = "input_bg@2x.png"; sourceTree = "<group>"; };
		0F97D04016259EFD007E3426 /* job_info.png */ = {isa = PBXFileReference; lastKnownFileType = image.png; path = job_info.png; sourceTree = "<group>"; };
		0F97D04116259EFD007E3426 /* job_info_hl.png */ = {isa = PBXFileReference; lastKnownFileType = image.png; path = job_info_hl.png; sourceTree = "<group>"; };
		0F97D04216259EFD007E3426 /* job_record.png */ = {isa = PBXFileReference; lastKnownFileType = image.png; path = job_record.png; sourceTree = "<group>"; };
		0F97D04316259EFD007E3426 /* job_record@2x.png */ = {isa = PBXFileReference; lastKnownFileType = image.png; path = "job_record@2x.png"; sourceTree = "<group>"; };
		0F97D04416259EFD007E3426 /* job_record_disable.png */ = {isa = PBXFileReference; lastKnownFileType = image.png; path = job_record_disable.png; sourceTree = "<group>"; };
		0F97D04516259EFD007E3426 /* job_record_disable@2x.png */ = {isa = PBXFileReference; lastKnownFileType = image.png; path = "job_record_disable@2x.png"; sourceTree = "<group>"; };
		0F97D04616259EFD007E3426 /* login_bt.png */ = {isa = PBXFileReference; lastKnownFileType = image.png; path = login_bt.png; sourceTree = "<group>"; };
		0F97D04716259EFD007E3426 /* login_bt@2x.png */ = {isa = PBXFileReference; lastKnownFileType = image.png; path = "login_bt@2x.png"; sourceTree = "<group>"; };
		0F97D04816259EFD007E3426 /* loginBg.png */ = {isa = PBXFileReference; lastKnownFileType = image.png; path = loginBg.png; sourceTree = "<group>"; };
		0F97D04916259EFD007E3426 /* loginBg@2x.png */ = {isa = PBXFileReference; lastKnownFileType = image.png; path = "loginBg@2x.png"; sourceTree = "<group>"; };
		0F97D04A16259EFD007E3426 /* loginNormal.png */ = {isa = PBXFileReference; lastKnownFileType = image.png; path = loginNormal.png; sourceTree = "<group>"; };
		0F97D04B16259EFD007E3426 /* loginNormal@2x.png */ = {isa = PBXFileReference; lastKnownFileType = image.png; path = "loginNormal@2x.png"; sourceTree = "<group>"; };
		0F97D04C16259EFD007E3426 /* loginPress.png */ = {isa = PBXFileReference; lastKnownFileType = image.png; path = loginPress.png; sourceTree = "<group>"; };
		0F97D04D16259EFD007E3426 /* loginPress@2x.png */ = {isa = PBXFileReference; lastKnownFileType = image.png; path = "loginPress@2x.png"; sourceTree = "<group>"; };
		0F97D04E16259EFD007E3426 /* myzl_nosearcher_view.html */ = {isa = PBXFileReference; fileEncoding = 4; lastKnownFileType = text.html; path = myzl_nosearcher_view.html; sourceTree = "<group>"; };
		0F97D04F16259EFD007E3426 /* myzl_top_view.html */ = {isa = PBXFileReference; fileEncoding = 4; lastKnownFileType = text.html; path = myzl_top_view.html; sourceTree = "<group>"; };
		0F97D05016259EFD007E3426 /* no_expand_icon.png */ = {isa = PBXFileReference; lastKnownFileType = image.png; path = no_expand_icon.png; sourceTree = "<group>"; };
		0F97D05116259EFD007E3426 /* reader_flag.png */ = {isa = PBXFileReference; lastKnownFileType = image.png; path = reader_flag.png; sourceTree = "<group>"; };
		0F97D05216259EFD007E3426 /* reader_flag@2x.png */ = {isa = PBXFileReference; lastKnownFileType = image.png; path = "reader_flag@2x.png"; sourceTree = "<group>"; };
		0F97D05316259EFD007E3426 /* registerBg.png */ = {isa = PBXFileReference; lastKnownFileType = image.png; path = registerBg.png; sourceTree = "<group>"; };
		0F97D05416259EFD007E3426 /* registerBg@2x.png */ = {isa = PBXFileReference; lastKnownFileType = image.png; path = "registerBg@2x.png"; sourceTree = "<group>"; };
		0F97D05516259EFD007E3426 /* registerNormal.png */ = {isa = PBXFileReference; lastKnownFileType = image.png; path = registerNormal.png; sourceTree = "<group>"; };
		0F97D05616259EFD007E3426 /* registerNormal@2x.png */ = {isa = PBXFileReference; lastKnownFileType = image.png; path = "registerNormal@2x.png"; sourceTree = "<group>"; };
		0F97D05716259EFD007E3426 /* registerPress.png */ = {isa = PBXFileReference; lastKnownFileType = image.png; path = registerPress.png; sourceTree = "<group>"; };
		0F97D05816259EFD007E3426 /* registerPress@2x.png */ = {isa = PBXFileReference; lastKnownFileType = image.png; path = "registerPress@2x.png"; sourceTree = "<group>"; };
		0F97D05916259EFD007E3426 /* reresh_resume_button.png */ = {isa = PBXFileReference; lastKnownFileType = image.png; path = reresh_resume_button.png; sourceTree = "<group>"; };
		0F97D05A16259EFD007E3426 /* reresh_resume_button@2x.png */ = {isa = PBXFileReference; lastKnownFileType = image.png; path = "reresh_resume_button@2x.png"; sourceTree = "<group>"; };
		0F97D05B16259EFD007E3426 /* reresh_resume_button_press.png */ = {isa = PBXFileReference; lastKnownFileType = image.png; path = reresh_resume_button_press.png; sourceTree = "<group>"; };
		0F97D05C16259EFD007E3426 /* reresh_resume_button_press@2x.png */ = {isa = PBXFileReference; lastKnownFileType = image.png; path = "reresh_resume_button_press@2x.png"; sourceTree = "<group>"; };
		0F97D05D16259EFD007E3426 /* resume_page_bg.png */ = {isa = PBXFileReference; lastKnownFileType = image.png; path = resume_page_bg.png; sourceTree = "<group>"; };
		0F97D05E16259EFD007E3426 /* resume_page_bg@2x.png */ = {isa = PBXFileReference; lastKnownFileType = image.png; path = "resume_page_bg@2x.png"; sourceTree = "<group>"; };
		0F97D05F16259EFD007E3426 /* resume_selected.png */ = {isa = PBXFileReference; lastKnownFileType = image.png; path = resume_selected.png; sourceTree = "<group>"; };
		0F97D06016259EFD007E3426 /* resume_selected@2x.png */ = {isa = PBXFileReference; lastKnownFileType = image.png; path = "resume_selected@2x.png"; sourceTree = "<group>"; };
		0F97D06116259EFD007E3426 /* resume_unselected.png */ = {isa = PBXFileReference; lastKnownFileType = image.png; path = resume_unselected.png; sourceTree = "<group>"; };
		0F97D06216259EFD007E3426 /* resume_unselected@2x.png */ = {isa = PBXFileReference; lastKnownFileType = image.png; path = "resume_unselected@2x.png"; sourceTree = "<group>"; };
		0F97D06316259EFD007E3426 /* RetrivePWDBg.png */ = {isa = PBXFileReference; lastKnownFileType = image.png; path = RetrivePWDBg.png; sourceTree = "<group>"; };
		0F97D06416259EFD007E3426 /* RetrivePWDBg@2x.png */ = {isa = PBXFileReference; lastKnownFileType = image.png; path = "RetrivePWDBg@2x.png"; sourceTree = "<group>"; };
		0F97D06516259EFD007E3426 /* RetrivePWDSucBg.png */ = {isa = PBXFileReference; lastKnownFileType = image.png; path = RetrivePWDSucBg.png; sourceTree = "<group>"; };
		0F97D06616259EFD007E3426 /* RetrivePWDSucBg@2x.png */ = {isa = PBXFileReference; lastKnownFileType = image.png; path = "RetrivePWDSucBg@2x.png"; sourceTree = "<group>"; };
		0F97D06716259EFD007E3426 /* rigister_bt.png */ = {isa = PBXFileReference; lastKnownFileType = image.png; path = rigister_bt.png; sourceTree = "<group>"; };
		0F97D06816259EFD007E3426 /* rigister_bt@2x.png */ = {isa = PBXFileReference; lastKnownFileType = image.png; path = "rigister_bt@2x.png"; sourceTree = "<group>"; };
		0F97D06916259EFD007E3426 /* save_searcher.png */ = {isa = PBXFileReference; lastKnownFileType = image.png; path = save_searcher.png; sourceTree = "<group>"; };
		0F97D06A16259EFD007E3426 /* save_searcher_hl.png */ = {isa = PBXFileReference; lastKnownFileType = image.png; path = save_searcher_hl.png; sourceTree = "<group>"; };
		0F97D06B16259EFD007E3426 /* searchSubscribeViewController.png */ = {isa = PBXFileReference; lastKnownFileType = image.png; path = searchSubscribeViewController.png; sourceTree = "<group>"; };
		0F97D06C16259EFD007E3426 /* searchSubscribeViewController@2x.png */ = {isa = PBXFileReference; lastKnownFileType = image.png; path = "searchSubscribeViewController@2x.png"; sourceTree = "<group>"; };
		0F97D06D16259EFD007E3426 /* searchSubscribeViewController_disable.png */ = {isa = PBXFileReference; lastKnownFileType = image.png; path = searchSubscribeViewController_disable.png; sourceTree = "<group>"; };
		0F97D06E16259EFD007E3426 /* searchSubscribeViewController_disable@2x.png */ = {isa = PBXFileReference; lastKnownFileType = image.png; path = "searchSubscribeViewController_disable@2x.png"; sourceTree = "<group>"; };
		0F97D06F16259EFD007E3426 /* select_icon.png */ = {isa = PBXFileReference; lastKnownFileType = image.png; path = select_icon.png; sourceTree = "<group>"; };
		0F97D07016259EFD007E3426 /* select_icon@2x.png */ = {isa = PBXFileReference; lastKnownFileType = image.png; path = "select_icon@2x.png"; sourceTree = "<group>"; };
		0F97D07116259EFD007E3426 /* unreader.png */ = {isa = PBXFileReference; lastKnownFileType = image.png; path = unreader.png; sourceTree = "<group>"; };
		0F97D07216259EFD007E3426 /* unreader@2x.png */ = {isa = PBXFileReference; lastKnownFileType = image.png; path = "unreader@2x.png"; sourceTree = "<group>"; };
		0F97D07316259EFD007E3426 /* unreader_disable.png */ = {isa = PBXFileReference; lastKnownFileType = image.png; path = unreader_disable.png; sourceTree = "<group>"; };
		0F97D07416259EFD007E3426 /* unreader_disable@2x.png */ = {isa = PBXFileReference; lastKnownFileType = image.png; path = "unreader_disable@2x.png"; sourceTree = "<group>"; };
		0F97D07516259EFD007E3426 /* unreader_flag.png */ = {isa = PBXFileReference; lastKnownFileType = image.png; path = unreader_flag.png; sourceTree = "<group>"; };
		0F97D07616259EFD007E3426 /* unreader_flag@2x.png */ = {isa = PBXFileReference; lastKnownFileType = image.png; path = "unreader_flag@2x.png"; sourceTree = "<group>"; };
		0F97D07716259EFD007E3426 /* unselect_icon.png */ = {isa = PBXFileReference; lastKnownFileType = image.png; path = unselect_icon.png; sourceTree = "<group>"; };
		0F97D07816259EFD007E3426 /* unselect_icon@2x.png */ = {isa = PBXFileReference; lastKnownFileType = image.png; path = "unselect_icon@2x.png"; sourceTree = "<group>"; };
		0F97D07916259EFD007E3426 /* xiaoren.png */ = {isa = PBXFileReference; lastKnownFileType = image.png; path = xiaoren.png; sourceTree = "<group>"; };
		0F97D07A16259EFD007E3426 /* xiaoren@2x.png */ = {isa = PBXFileReference; lastKnownFileType = image.png; path = "xiaoren@2x.png"; sourceTree = "<group>"; };
		0F97D0CE1625A7CB007E3426 /* centerBackground.png */ = {isa = PBXFileReference; lastKnownFileType = image.png; path = centerBackground.png; sourceTree = "<group>"; };
		0F97D0CF1625A7CB007E3426 /* centerBackground@2x.png */ = {isa = PBXFileReference; lastKnownFileType = image.png; path = "centerBackground@2x.png"; sourceTree = "<group>"; };
		0F97D0D01625A7CB007E3426 /* navigationbar_bg.png */ = {isa = PBXFileReference; lastKnownFileType = image.png; path = navigationbar_bg.png; sourceTree = "<group>"; };
		0F97D0D11625A7CB007E3426 /* navigationbar_bg@2x.png */ = {isa = PBXFileReference; lastKnownFileType = image.png; path = "navigationbar_bg@2x.png"; sourceTree = "<group>"; };
		0F97D0D21625A7CB007E3426 /* search_result_selected.png */ = {isa = PBXFileReference; lastKnownFileType = image.png; path = search_result_selected.png; sourceTree = "<group>"; };
		0F97D0D31625A7CB007E3426 /* search_result_selected@2x.png */ = {isa = PBXFileReference; lastKnownFileType = image.png; path = "search_result_selected@2x.png"; sourceTree = "<group>"; };
		0F97D0D41625A7CB007E3426 /* search_result_unselected.png */ = {isa = PBXFileReference; lastKnownFileType = image.png; path = search_result_unselected.png; sourceTree = "<group>"; };
		0F97D0D51625A7CB007E3426 /* search_result_unselected@2x.png */ = {isa = PBXFileReference; lastKnownFileType = image.png; path = "search_result_unselected@2x.png"; sourceTree = "<group>"; };
		0F97D0D61625A7CB007E3426 /* searchItem_del.png */ = {isa = PBXFileReference; lastKnownFileType = image.png; path = searchItem_del.png; sourceTree = "<group>"; };
		0F97D0D71625A7CB007E3426 /* searchItem_del@2x.png */ = {isa = PBXFileReference; lastKnownFileType = image.png; path = "searchItem_del@2x.png"; sourceTree = "<group>"; };
		0F97D0D81625A7CB007E3426 /* setting-button-click.png */ = {isa = PBXFileReference; lastKnownFileType = image.png; path = "setting-button-click.png"; sourceTree = "<group>"; };
		0F97D0D91625A7CB007E3426 /* setting-button-click@2x.png */ = {isa = PBXFileReference; lastKnownFileType = image.png; path = "setting-button-click@2x.png"; sourceTree = "<group>"; };
		0F97D0DA1625A7CB007E3426 /* setting-button.png */ = {isa = PBXFileReference; lastKnownFileType = image.png; path = "setting-button.png"; sourceTree = "<group>"; };
		0F97D0DB1625A7CB007E3426 /* setting-button@2x.png */ = {isa = PBXFileReference; lastKnownFileType = image.png; path = "setting-button@2x.png"; sourceTree = "<group>"; };
		0F97D0DC1625A7CB007E3426 /* setting-form-back-button-click.png */ = {isa = PBXFileReference; lastKnownFileType = image.png; path = "setting-form-back-button-click.png"; sourceTree = "<group>"; };
		0F97D0DD1625A7CB007E3426 /* setting-form-back-button-click@2x.png */ = {isa = PBXFileReference; lastKnownFileType = image.png; path = "setting-form-back-button-click@2x.png"; sourceTree = "<group>"; };
		0F97D0DE1625A7CB007E3426 /* setting-form-back-button.png */ = {isa = PBXFileReference; lastKnownFileType = image.png; path = "setting-form-back-button.png"; sourceTree = "<group>"; };
		0F97D0DF1625A7CB007E3426 /* setting-form-back-button@2x.png */ = {isa = PBXFileReference; lastKnownFileType = image.png; path = "setting-form-back-button@2x.png"; sourceTree = "<group>"; };
		0F97D0E01625A7CB007E3426 /* toast_bg.png */ = {isa = PBXFileReference; lastKnownFileType = image.png; path = toast_bg.png; sourceTree = "<group>"; };
		0F9F9788162B9B7A00AAA1B9 /* AutimaticLogin.h */ = {isa = PBXFileReference; fileEncoding = 4; lastKnownFileType = sourcecode.c.h; path = AutimaticLogin.h; sourceTree = "<group>"; };
		0F9F9789162B9B7A00AAA1B9 /* AutimaticLogin.m */ = {isa = PBXFileReference; fileEncoding = 4; lastKnownFileType = sourcecode.c.objc; path = AutimaticLogin.m; sourceTree = "<group>"; };
		0F9F979D162C183F00AAA1B9 /* TapShowController.h */ = {isa = PBXFileReference; fileEncoding = 4; lastKnownFileType = sourcecode.c.h; path = TapShowController.h; sourceTree = "<group>"; };
		0F9F979E162C183F00AAA1B9 /* TapShowController.m */ = {isa = PBXFileReference; fileEncoding = 4; lastKnownFileType = sourcecode.c.objc; path = TapShowController.m; sourceTree = "<group>"; };
		0F9F979F162C183F00AAA1B9 /* TapShowController.xib */ = {isa = PBXFileReference; fileEncoding = 4; lastKnownFileType = file.xib; path = TapShowController.xib; sourceTree = "<group>"; };
		0FA36C6B16264E4600A3A800 /* A2MyzlViewController.h */ = {isa = PBXFileReference; fileEncoding = 4; lastKnownFileType = sourcecode.c.h; path = A2MyzlViewController.h; sourceTree = "<group>"; };
		0FA36C6C16264E4600A3A800 /* A2MyzlViewController.m */ = {isa = PBXFileReference; fileEncoding = 4; lastKnownFileType = sourcecode.c.objc; path = A2MyzlViewController.m; sourceTree = "<group>"; };
		0FA36C6D16264E4600A3A800 /* A2MyzlViewController.xib */ = {isa = PBXFileReference; fileEncoding = 4; lastKnownFileType = file.xib; path = A2MyzlViewController.xib; sourceTree = "<group>"; };
		0FA36C741626503F00A3A800 /* A2ResumeView.h */ = {isa = PBXFileReference; fileEncoding = 4; lastKnownFileType = sourcecode.c.h; path = A2ResumeView.h; sourceTree = "<group>"; };
		0FA36C751626503F00A3A800 /* A2ResumeView.m */ = {isa = PBXFileReference; fileEncoding = 4; lastKnownFileType = sourcecode.c.objc; path = A2ResumeView.m; sourceTree = "<group>"; };
		0FA6C150162D2C4C00F646BD /* CompanyCell.h */ = {isa = PBXFileReference; fileEncoding = 4; lastKnownFileType = sourcecode.c.h; path = CompanyCell.h; sourceTree = "<group>"; };
		0FA6C151162D2C4C00F646BD /* CompanyCell.m */ = {isa = PBXFileReference; fileEncoding = 4; lastKnownFileType = sourcecode.c.objc; path = CompanyCell.m; sourceTree = "<group>"; };
		0FA6C154162D407D00F646BD /* Company.h */ = {isa = PBXFileReference; fileEncoding = 4; lastKnownFileType = sourcecode.c.h; path = Company.h; sourceTree = "<group>"; };
		0FA6C155162D407D00F646BD /* Company.m */ = {isa = PBXFileReference; fileEncoding = 4; lastKnownFileType = sourcecode.c.objc; path = Company.m; sourceTree = "<group>"; };
		0FAC0050162EA45A0009A587 /* RegisterViewController.h */ = {isa = PBXFileReference; fileEncoding = 4; lastKnownFileType = sourcecode.c.h; path = RegisterViewController.h; sourceTree = "<group>"; };
		0FAC0051162EA45A0009A587 /* RegisterViewController.m */ = {isa = PBXFileReference; fileEncoding = 4; lastKnownFileType = sourcecode.c.objc; path = RegisterViewController.m; sourceTree = "<group>"; };
/* End PBXFileReference section */

/* Begin PBXFrameworksBuildPhase section */
		0F924ED71623AE8700C7FFEB /* Frameworks */ = {
			isa = PBXFrameworksBuildPhase;
			buildActionMask = 2147483647;
			files = (
				0F8335C816281E5300274114 /* libicucore.dylib in Frameworks */,
				0F2407E01624502D000564C6 /* libxml2.dylib in Frameworks */,
				0F924EDF1623AE8800C7FFEB /* UIKit.framework in Frameworks */,
				0F924EE11623AE8800C7FFEB /* Foundation.framework in Frameworks */,
				0F924EE31623AE8800C7FFEB /* CoreGraphics.framework in Frameworks */,
			);
			runOnlyForDeploymentPostprocessing = 0;
		};
/* End PBXFrameworksBuildPhase section */

/* Begin PBXGroup section */
		0F28F4BB1628170000BEEB89 /* Register */ = {
			isa = PBXGroup;
			children = (
				0F8335BD16281D5400274114 /* RegexKitLite.h */,
				0F8335BE16281D5400274114 /* RegexKitLite.m */,
				0F8335BF16281D5400274114 /* RegisterScrollView.h */,
				0F8335C016281D5400274114 /* RegisterScrollView.m */,
				0FAC0050162EA45A0009A587 /* RegisterViewController.h */,
				0FAC0051162EA45A0009A587 /* RegisterViewController.m */,
			);
			name = Register;
			sourceTree = "<group>";
		};
		0F28F4C2162817B000BEEB89 /* image */ = {
			isa = PBXGroup;
			children = (
				0F28F4C3162817B000BEEB89 /* btn_done_down@2x.png */,
				0F28F4C4162817B000BEEB89 /* btn_done_up@2x.png */,
				0F28F4C5162817B000BEEB89 /* centerBackground.png */,
				0F28F4C6162817B000BEEB89 /* loginNormal.png */,
				0F28F4C7162817B000BEEB89 /* navigationbar_bg.png */,
				0F28F4C8162817B000BEEB89 /* registerBg.png */,
				0F28F4C9162817B000BEEB89 /* registerNormal.png */,
			);
			path = image;
			sourceTree = "<group>";
		};
		0F924ECF1623AE8600C7FFEB = {
			isa = PBXGroup;
			children = (
				0F8335C716281E5300274114 /* libicucore.dylib */,
				0F2407DF1624502D000564C6 /* libxml2.dylib */,
				0F28F4C2162817B000BEEB89 /* image */,
				0F28F4BB1628170000BEEB89 /* Register */,
				0F924EF81623C06700C7FFEB /* ViewControllers */,
				0F924EE41623AE8800C7FFEB /* LogIn */,
				0F924EDD1623AE8700C7FFEB /* Frameworks */,
				0F97D0181625457D007E3426 /* DNWrapper */,
				0F97D02E16259EFD007E3426 /* myzl */,
				0F97D01D16254F27007E3426 /* Resume */,
				0F97D01C16254EC1007E3426 /* IsLogin */,
				0F924EDB1623AE8700C7FFEB /* Products */,
			);
			sourceTree = "<group>";
		};
		0F924EDB1623AE8700C7FFEB /* Products */ = {
			isa = PBXGroup;
			children = (
				0F924EDA1623AE8700C7FFEB /* LogIn.app */,
			);
			name = Products;
			sourceTree = "<group>";
		};
		0F924EDD1623AE8700C7FFEB /* Frameworks */ = {
			isa = PBXGroup;
			children = (
				0F924EDE1623AE8700C7FFEB /* UIKit.framework */,
				0F924EE01623AE8800C7FFEB /* Foundation.framework */,
				0F924EE21623AE8800C7FFEB /* CoreGraphics.framework */,
			);
			name = Frameworks;
			sourceTree = "<group>";
		};
		0F924EE41623AE8800C7FFEB /* LogIn */ = {
			isa = PBXGroup;
			children = (
				0F924EED1623AE8800C7FFEB /* AppDelegate.h */,
				0F924EEE1623AE8800C7FFEB /* AppDelegate.m */,
				0F924EE51623AE8800C7FFEB /* Supporting Files */,
				0FA6C150162D2C4C00F646BD /* CompanyCell.h */,
				0FA6C151162D2C4C00F646BD /* CompanyCell.m */,
				0FA6C154162D407D00F646BD /* Company.h */,
				0FA6C155162D407D00F646BD /* Company.m */,
			);
			path = LogIn;
			sourceTree = "<group>";
		};
		0F924EE51623AE8800C7FFEB /* Supporting Files */ = {
			isa = PBXGroup;
			children = (
				0F924EE61623AE8800C7FFEB /* LogIn-Info.plist */,
				0F924EE71623AE8800C7FFEB /* InfoPlist.strings */,
				0F924EEA1623AE8800C7FFEB /* main.m */,
				0F924EEC1623AE8800C7FFEB /* LogIn-Prefix.pch */,
			);
			name = "Supporting Files";
			sourceTree = "<group>";
		};
		0F924EF81623C06700C7FFEB /* ViewControllers */ = {
			isa = PBXGroup;
			children = (
				0F2407D016243AE1000564C6 /* LoginViewController.h */,
				0F2407D116243AE1000564C6 /* LoginViewController.m */,
				0F2407D216243AE1000564C6 /* LoginViewController.xib */,
				0F2407D516244828000564C6 /* LoginWithAccount.h */,
				0F2407D616244828000564C6 /* LoginWithAccount.m */,
				0F97D02616256367007E3426 /* FindPassWordViewController.h */,
				0F97D02716256368007E3426 /* FindPassWordViewController.m */,
				0F97D02816256369007E3426 /* FindPassWordViewController.xib */,
				0FA36C6B16264E4600A3A800 /* A2MyzlViewController.h */,
				0FA36C6C16264E4600A3A800 /* A2MyzlViewController.m */,
				0FA36C6D16264E4600A3A800 /* A2MyzlViewController.xib */,
				0F9F979D162C183F00AAA1B9 /* TapShowController.h */,
				0F9F979E162C183F00AAA1B9 /* TapShowController.m */,
				0F9F979F162C183F00AAA1B9 /* TapShowController.xib */,
			);
			name = ViewControllers;
			sourceTree = "<group>";
		};
		0F97D0181625457D007E3426 /* DNWrapper */ = {
			isa = PBXGroup;
			children = (
				0F2407DC16244FD8000564C6 /* GDataXMLNode.h */,
				0F2407DD16244FD8000564C6 /* GDataXMLNode.m */,
				0F97D0191625457D007E3426 /* DNWrapper.h */,
				0F97D01A1625457D007E3426 /* DNWrapper.m */,
			);
			path = DNWrapper;
			sourceTree = "<group>";
		};
		0F97D01C16254EC1007E3426 /* IsLogin */ = {
			isa = PBXGroup;
			children = (
				0F470CF916269A6600B792DC /* IsLogin.h */,
				0F470CFA16269A6600B792DC /* IsLogin.m */,
				0F9F9788162B9B7A00AAA1B9 /* AutimaticLogin.h */,
				0F9F9789162B9B7A00AAA1B9 /* AutimaticLogin.m */,
			);
			name = IsLogin;
			sourceTree = "<group>";
		};
		0F97D01D16254F27007E3426 /* Resume */ = {
			isa = PBXGroup;
			children = (
				0F97D02B16259182007E3426 /* ResumeViewCell.h */,
				0F97D02C16259183007E3426 /* ResumeViewCell.m */,
				0F97D00C16252944007E3426 /* Resume.h */,
				0F97D00D16252944007E3426 /* Resume.m */,
				0FA36C741626503F00A3A800 /* A2ResumeView.h */,
				0FA36C751626503F00A3A800 /* A2ResumeView.m */,
			);
			name = Resume;
			sourceTree = "<group>";
		};
		0F97D02E16259EFD007E3426 /* myzl */ = {
			isa = PBXGroup;
			children = (
				0F97D0CD1625A7CB007E3426 /* Common */,
				0F97D02F16259EFD007E3426 /* company_info.png */,
				0F97D03016259EFD007E3426 /* company_info_hl.png */,
				0F97D03116259EFD007E3426 /* edit_btn.png */,
				0F97D03216259EFD007E3426 /* edit_btn_hl.png */,
				0F97D03316259EFD007E3426 /* email_detail_content_bg.png */,
				0F97D03416259EFD007E3426 /* email_detail_content_bg@2x.png */,
				0F97D03516259EFD007E3426 /* email_detail_title_bg.png */,
				0F97D03616259EFD007E3426 /* email_detail_title_bg@2x.png */,
				0F97D03716259EFD007E3426 /* expand_icon.png */,
				0F97D03816259EFD007E3426 /* favorite.png */,
				0F97D03916259EFD007E3426 /* favorite@2x.png */,
				0F97D03A16259EFD007E3426 /* favorite_disable.png */,
				0F97D03B16259EFD007E3426 /* favorite_disable@2x.png */,
				0F97D03C16259EFD007E3426 /* finish_edit_btn.png */,
				0F97D03D16259EFD007E3426 /* finish_edit_btn_hl.png */,
				0F97D03E16259EFD007E3426 /* input_bg.png */,
				0F97D03F16259EFD007E3426 /* input_bg@2x.png */,
				0F97D04016259EFD007E3426 /* job_info.png */,
				0F97D04116259EFD007E3426 /* job_info_hl.png */,
				0F97D04216259EFD007E3426 /* job_record.png */,
				0F97D04316259EFD007E3426 /* job_record@2x.png */,
				0F97D04416259EFD007E3426 /* job_record_disable.png */,
				0F97D04516259EFD007E3426 /* job_record_disable@2x.png */,
				0F97D04616259EFD007E3426 /* login_bt.png */,
				0F97D04716259EFD007E3426 /* login_bt@2x.png */,
				0F97D04816259EFD007E3426 /* loginBg.png */,
				0F97D04916259EFD007E3426 /* loginBg@2x.png */,
				0F97D04A16259EFD007E3426 /* loginNormal.png */,
				0F97D04B16259EFD007E3426 /* loginNormal@2x.png */,
				0F97D04C16259EFD007E3426 /* loginPress.png */,
				0F97D04D16259EFD007E3426 /* loginPress@2x.png */,
				0F97D04E16259EFD007E3426 /* myzl_nosearcher_view.html */,
				0F97D04F16259EFD007E3426 /* myzl_top_view.html */,
				0F97D05016259EFD007E3426 /* no_expand_icon.png */,
				0F97D05116259EFD007E3426 /* reader_flag.png */,
				0F97D05216259EFD007E3426 /* reader_flag@2x.png */,
				0F97D05316259EFD007E3426 /* registerBg.png */,
				0F97D05416259EFD007E3426 /* registerBg@2x.png */,
				0F97D05516259EFD007E3426 /* registerNormal.png */,
				0F97D05616259EFD007E3426 /* registerNormal@2x.png */,
				0F97D05716259EFD007E3426 /* registerPress.png */,
				0F97D05816259EFD007E3426 /* registerPress@2x.png */,
				0F97D05916259EFD007E3426 /* reresh_resume_button.png */,
				0F97D05A16259EFD007E3426 /* reresh_resume_button@2x.png */,
				0F97D05B16259EFD007E3426 /* reresh_resume_button_press.png */,
				0F97D05C16259EFD007E3426 /* reresh_resume_button_press@2x.png */,
				0F97D05D16259EFD007E3426 /* resume_page_bg.png */,
				0F97D05E16259EFD007E3426 /* resume_page_bg@2x.png */,
				0F97D05F16259EFD007E3426 /* resume_selected.png */,
				0F97D06016259EFD007E3426 /* resume_selected@2x.png */,
				0F97D06116259EFD007E3426 /* resume_unselected.png */,
				0F97D06216259EFD007E3426 /* resume_unselected@2x.png */,
				0F97D06316259EFD007E3426 /* RetrivePWDBg.png */,
				0F97D06416259EFD007E3426 /* RetrivePWDBg@2x.png */,
				0F97D06516259EFD007E3426 /* RetrivePWDSucBg.png */,
				0F97D06616259EFD007E3426 /* RetrivePWDSucBg@2x.png */,
				0F97D06716259EFD007E3426 /* rigister_bt.png */,
				0F97D06816259EFD007E3426 /* rigister_bt@2x.png */,
				0F97D06916259EFD007E3426 /* save_searcher.png */,
				0F97D06A16259EFD007E3426 /* save_searcher_hl.png */,
				0F97D06B16259EFD007E3426 /* searchSubscribeViewController.png */,
				0F97D06C16259EFD007E3426 /* searchSubscribeViewController@2x.png */,
				0F97D06D16259EFD007E3426 /* searchSubscribeViewController_disable.png */,
				0F97D06E16259EFD007E3426 /* searchSubscribeViewController_disable@2x.png */,
				0F97D06F16259EFD007E3426 /* select_icon.png */,
				0F97D07016259EFD007E3426 /* select_icon@2x.png */,
				0F97D07116259EFD007E3426 /* unreader.png */,
				0F97D07216259EFD007E3426 /* unreader@2x.png */,
				0F97D07316259EFD007E3426 /* unreader_disable.png */,
				0F97D07416259EFD007E3426 /* unreader_disable@2x.png */,
				0F97D07516259EFD007E3426 /* unreader_flag.png */,
				0F97D07616259EFD007E3426 /* unreader_flag@2x.png */,
				0F97D07716259EFD007E3426 /* unselect_icon.png */,
				0F97D07816259EFD007E3426 /* unselect_icon@2x.png */,
				0F97D07916259EFD007E3426 /* xiaoren.png */,
				0F97D07A16259EFD007E3426 /* xiaoren@2x.png */,
			);
			path = myzl;
			sourceTree = "<group>";
		};
		0F97D0CD1625A7CB007E3426 /* Common */ = {
			isa = PBXGroup;
			children = (
				0F97D0CE1625A7CB007E3426 /* centerBackground.png */,
				0F97D0CF1625A7CB007E3426 /* centerBackground@2x.png */,
				0F97D0D01625A7CB007E3426 /* navigationbar_bg.png */,
				0F97D0D11625A7CB007E3426 /* navigationbar_bg@2x.png */,
				0F97D0D21625A7CB007E3426 /* search_result_selected.png */,
				0F97D0D31625A7CB007E3426 /* search_result_selected@2x.png */,
				0F97D0D41625A7CB007E3426 /* search_result_unselected.png */,
				0F97D0D51625A7CB007E3426 /* search_result_unselected@2x.png */,
				0F97D0D61625A7CB007E3426 /* searchItem_del.png */,
				0F97D0D71625A7CB007E3426 /* searchItem_del@2x.png */,
				0F97D0D81625A7CB007E3426 /* setting-button-click.png */,
				0F97D0D91625A7CB007E3426 /* setting-button-click@2x.png */,
				0F97D0DA1625A7CB007E3426 /* setting-button.png */,
				0F97D0DB1625A7CB007E3426 /* setting-button@2x.png */,
				0F97D0DC1625A7CB007E3426 /* setting-form-back-button-click.png */,
				0F97D0DD1625A7CB007E3426 /* setting-form-back-button-click@2x.png */,
				0F97D0DE1625A7CB007E3426 /* setting-form-back-button.png */,
				0F97D0DF1625A7CB007E3426 /* setting-form-back-button@2x.png */,
				0F97D0E01625A7CB007E3426 /* toast_bg.png */,
			);
			path = Common;
			sourceTree = "<group>";
		};
/* End PBXGroup section */

/* Begin PBXNativeTarget section */
		0F924ED91623AE8700C7FFEB /* LogIn */ = {
			isa = PBXNativeTarget;
			buildConfigurationList = 0F924EF21623AE8800C7FFEB /* Build configuration list for PBXNativeTarget "LogIn" */;
			buildPhases = (
				0F924ED61623AE8700C7FFEB /* Sources */,
				0F924ED71623AE8700C7FFEB /* Frameworks */,
				0F924ED81623AE8700C7FFEB /* Resources */,
			);
			buildRules = (
			);
			dependencies = (
			);
			name = LogIn;
			productName = LogIn;
			productReference = 0F924EDA1623AE8700C7FFEB /* LogIn.app */;
			productType = "com.apple.product-type.application";
		};
/* End PBXNativeTarget section */

/* Begin PBXProject section */
		0F924ED11623AE8600C7FFEB /* Project object */ = {
			isa = PBXProject;
			attributes = {
				LastUpgradeCheck = 0420;
			};
			buildConfigurationList = 0F924ED41623AE8600C7FFEB /* Build configuration list for PBXProject "LogIn" */;
			compatibilityVersion = "Xcode 3.2";
			developmentRegion = English;
			hasScannedForEncodings = 0;
			knownRegions = (
				en,
			);
			mainGroup = 0F924ECF1623AE8600C7FFEB;
			productRefGroup = 0F924EDB1623AE8700C7FFEB /* Products */;
			projectDirPath = "";
			projectRoot = "";
			targets = (
				0F924ED91623AE8700C7FFEB /* LogIn */,
			);
		};
/* End PBXProject section */

/* Begin PBXResourcesBuildPhase section */
		0F924ED81623AE8700C7FFEB /* Resources */ = {
			isa = PBXResourcesBuildPhase;
			buildActionMask = 2147483647;
			files = (
				0F924EE91623AE8800C7FFEB /* InfoPlist.strings in Resources */,
				0F2407D416243AE1000564C6 /* LoginViewController.xib in Resources */,
				0F97D02A16256369007E3426 /* FindPassWordViewController.xib in Resources */,
				0F97D07B16259EFD007E3426 /* company_info.png in Resources */,
				0F97D07C16259EFD007E3426 /* company_info_hl.png in Resources */,
				0F97D07D16259EFD007E3426 /* edit_btn.png in Resources */,
				0F97D07E16259EFD007E3426 /* edit_btn_hl.png in Resources */,
				0F97D07F16259EFD007E3426 /* email_detail_content_bg.png in Resources */,
				0F97D08016259EFD007E3426 /* email_detail_content_bg@2x.png in Resources */,
				0F97D08116259EFD007E3426 /* email_detail_title_bg.png in Resources */,
				0F97D08216259EFD007E3426 /* email_detail_title_bg@2x.png in Resources */,
				0F97D08316259EFD007E3426 /* expand_icon.png in Resources */,
				0F97D08416259EFD007E3426 /* favorite.png in Resources */,
				0F97D08516259EFD007E3426 /* favorite@2x.png in Resources */,
				0F97D08616259EFE007E3426 /* favorite_disable.png in Resources */,
				0F97D08716259EFE007E3426 /* favorite_disable@2x.png in Resources */,
				0F97D08816259EFE007E3426 /* finish_edit_btn.png in Resources */,
				0F97D08916259EFE007E3426 /* finish_edit_btn_hl.png in Resources */,
				0F97D08A16259EFE007E3426 /* input_bg.png in Resources */,
				0F97D08B16259EFE007E3426 /* input_bg@2x.png in Resources */,
				0F97D08C16259EFE007E3426 /* job_info.png in Resources */,
				0F97D08D16259EFE007E3426 /* job_info_hl.png in Resources */,
				0F97D08E16259EFE007E3426 /* job_record.png in Resources */,
				0F97D08F16259EFE007E3426 /* job_record@2x.png in Resources */,
				0F97D09016259EFE007E3426 /* job_record_disable.png in Resources */,
				0F97D09116259EFE007E3426 /* job_record_disable@2x.png in Resources */,
				0F97D09216259EFE007E3426 /* login_bt.png in Resources */,
				0F97D09316259EFE007E3426 /* login_bt@2x.png in Resources */,
				0F97D09416259EFE007E3426 /* loginBg.png in Resources */,
				0F97D09516259EFE007E3426 /* loginBg@2x.png in Resources */,
				0F97D09616259EFE007E3426 /* loginNormal.png in Resources */,
				0F97D09716259EFE007E3426 /* loginNormal@2x.png in Resources */,
				0F97D09816259EFE007E3426 /* loginPress.png in Resources */,
				0F97D09916259EFE007E3426 /* loginPress@2x.png in Resources */,
				0F97D09A16259EFE007E3426 /* myzl_nosearcher_view.html in Resources */,
				0F97D09B16259EFE007E3426 /* myzl_top_view.html in Resources */,
				0F97D09C16259EFE007E3426 /* no_expand_icon.png in Resources */,
				0F97D09D16259EFE007E3426 /* reader_flag.png in Resources */,
				0F97D09E16259EFE007E3426 /* reader_flag@2x.png in Resources */,
				0F97D09F16259EFE007E3426 /* registerBg.png in Resources */,
				0F97D0A016259EFE007E3426 /* registerBg@2x.png in Resources */,
				0F97D0A116259EFE007E3426 /* registerNormal.png in Resources */,
				0F97D0A216259EFE007E3426 /* registerNormal@2x.png in Resources */,
				0F97D0A316259EFE007E3426 /* registerPress.png in Resources */,
				0F97D0A416259EFE007E3426 /* registerPress@2x.png in Resources */,
				0F97D0A516259EFE007E3426 /* reresh_resume_button.png in Resources */,
				0F97D0A616259EFE007E3426 /* reresh_resume_button@2x.png in Resources */,
				0F97D0A716259EFE007E3426 /* reresh_resume_button_press.png in Resources */,
				0F97D0A816259EFE007E3426 /* reresh_resume_button_press@2x.png in Resources */,
				0F97D0A916259EFE007E3426 /* resume_page_bg.png in Resources */,
				0F97D0AA16259EFE007E3426 /* resume_page_bg@2x.png in Resources */,
				0F97D0AB16259EFE007E3426 /* resume_selected.png in Resources */,
				0F97D0AC16259EFE007E3426 /* resume_selected@2x.png in Resources */,
				0F97D0AD16259EFF007E3426 /* resume_unselected.png in Resources */,
				0F97D0AE16259EFF007E3426 /* resume_unselected@2x.png in Resources */,
				0F97D0AF16259EFF007E3426 /* RetrivePWDBg.png in Resources */,
				0F97D0B016259EFF007E3426 /* RetrivePWDBg@2x.png in Resources */,
				0F97D0B116259EFF007E3426 /* RetrivePWDSucBg.png in Resources */,
				0F97D0B216259EFF007E3426 /* RetrivePWDSucBg@2x.png in Resources */,
				0F97D0B316259EFF007E3426 /* rigister_bt.png in Resources */,
				0F97D0B416259EFF007E3426 /* rigister_bt@2x.png in Resources */,
				0F97D0B516259EFF007E3426 /* save_searcher.png in Resources */,
				0F97D0B616259EFF007E3426 /* save_searcher_hl.png in Resources */,
				0F97D0B716259EFF007E3426 /* searchSubscribeViewController.png in Resources */,
				0F97D0B816259EFF007E3426 /* searchSubscribeViewController@2x.png in Resources */,
				0F97D0B916259EFF007E3426 /* searchSubscribeViewController_disable.png in Resources */,
				0F97D0BA16259EFF007E3426 /* searchSubscribeViewController_disable@2x.png in Resources */,
				0F97D0BB16259EFF007E3426 /* select_icon.png in Resources */,
				0F97D0BC16259EFF007E3426 /* select_icon@2x.png in Resources */,
				0F97D0BD16259EFF007E3426 /* unreader.png in Resources */,
				0F97D0BE16259EFF007E3426 /* unreader@2x.png in Resources */,
				0F97D0BF16259EFF007E3426 /* unreader_disable.png in Resources */,
				0F97D0C016259EFF007E3426 /* unreader_disable@2x.png in Resources */,
				0F97D0C116259EFF007E3426 /* unreader_flag.png in Resources */,
				0F97D0C216259EFF007E3426 /* unreader_flag@2x.png in Resources */,
				0F97D0C316259EFF007E3426 /* unselect_icon.png in Resources */,
				0F97D0C416259EFF007E3426 /* unselect_icon@2x.png in Resources */,
				0F97D0C516259EFF007E3426 /* xiaoren.png in Resources */,
				0F97D0C616259EFF007E3426 /* xiaoren@2x.png in Resources */,
				0F97D0E11625A7CB007E3426 /* centerBackground.png in Resources */,
				0F97D0E21625A7CB007E3426 /* centerBackground@2x.png in Resources */,
				0F97D0E31625A7CB007E3426 /* navigationbar_bg.png in Resources */,
				0F97D0E41625A7CB007E3426 /* navigationbar_bg@2x.png in Resources */,
				0F97D0E51625A7CB007E3426 /* search_result_selected.png in Resources */,
				0F97D0E61625A7CB007E3426 /* search_result_selected@2x.png in Resources */,
				0F97D0E71625A7CB007E3426 /* search_result_unselected.png in Resources */,
				0F97D0E81625A7CB007E3426 /* search_result_unselected@2x.png in Resources */,
				0F97D0E91625A7CB007E3426 /* searchItem_del.png in Resources */,
				0F97D0EA1625A7CB007E3426 /* searchItem_del@2x.png in Resources */,
				0F97D0EB1625A7CB007E3426 /* setting-button-click.png in Resources */,
				0F97D0EC1625A7CB007E3426 /* setting-button-click@2x.png in Resources */,
				0F97D0ED1625A7CB007E3426 /* setting-button.png in Resources */,
				0F97D0EE1625A7CB007E3426 /* setting-button@2x.png in Resources */,
				0F97D0EF1625A7CB007E3426 /* setting-form-back-button-click.png in Resources */,
				0F97D0F01625A7CB007E3426 /* setting-form-back-button-click@2x.png in Resources */,
				0F97D0F11625A7CB007E3426 /* setting-form-back-button.png in Resources */,
				0F97D0F21625A7CB007E3426 /* setting-form-back-button@2x.png in Resources */,
				0F97D0F31625A7CB007E3426 /* toast_bg.png in Resources */,
				0FA36C6F16264E4600A3A800 /* A2MyzlViewController.xib in Resources */,
				0F28F4CA162817B000BEEB89 /* btn_done_down@2x.png in Resources */,
				0F28F4CB162817B000BEEB89 /* btn_done_up@2x.png in Resources */,
				0F28F4CC162817B000BEEB89 /* centerBackground.png in Resources */,
				0F28F4CD162817B000BEEB89 /* loginNormal.png in Resources */,
				0F28F4CE162817B000BEEB89 /* navigationbar_bg.png in Resources */,
				0F28F4CF162817B000BEEB89 /* registerBg.png in Resources */,
				0F28F4D0162817B000BEEB89 /* registerNormal.png in Resources */,
				0F9F97A1162C183F00AAA1B9 /* TapShowController.xib in Resources */,
			);
			runOnlyForDeploymentPostprocessing = 0;
		};
/* End PBXResourcesBuildPhase section */

/* Begin PBXSourcesBuildPhase section */
		0F924ED61623AE8700C7FFEB /* Sources */ = {
			isa = PBXSourcesBuildPhase;
			buildActionMask = 2147483647;
			files = (
				0F924EEB1623AE8800C7FFEB /* main.m in Sources */,
				0F924EEF1623AE8800C7FFEB /* AppDelegate.m in Sources */,
				0F2407D316243AE1000564C6 /* LoginViewController.m in Sources */,
				0F2407D716244828000564C6 /* LoginWithAccount.m in Sources */,
				0F2407DE16244FD8000564C6 /* GDataXMLNode.m in Sources */,
				0F97D00E16252944007E3426 /* Resume.m in Sources */,
				0F97D01B1625457D007E3426 /* DNWrapper.m in Sources */,
				0F97D02916256369007E3426 /* FindPassWordViewController.m in Sources */,
				0F97D02D16259183007E3426 /* ResumeViewCell.m in Sources */,
				0FA36C6E16264E4600A3A800 /* A2MyzlViewController.m in Sources */,
				0FA36C761626503F00A3A800 /* A2ResumeView.m in Sources */,
				0F470CFB16269A6600B792DC /* IsLogin.m in Sources */,
				0F8335C316281D5400274114 /* RegexKitLite.m in Sources */,
				0F8335C416281D5400274114 /* RegisterScrollView.m in Sources */,
				0F9F978A162B9B7A00AAA1B9 /* AutimaticLogin.m in Sources */,
				0F9F97A0162C183F00AAA1B9 /* TapShowController.m in Sources */,
				0FA6C152162D2C4C00F646BD /* CompanyCell.m in Sources */,
				0FA6C156162D407D00F646BD /* Company.m in Sources */,
				0FAC0052162EA45A0009A587 /* RegisterViewController.m in Sources */,
			);
			runOnlyForDeploymentPostprocessing = 0;
		};
/* End PBXSourcesBuildPhase section */

/* Begin PBXVariantGroup section */
		0F924EE71623AE8800C7FFEB /* InfoPlist.strings */ = {
			isa = PBXVariantGroup;
			children = (
				0F924EE81623AE8800C7FFEB /* en */,
			);
			name = InfoPlist.strings;
			sourceTree = "<group>";
		};
/* End PBXVariantGroup section */

/* Begin XCBuildConfiguration section */
		0F924EF01623AE8800C7FFEB /* Debug */ = {
			isa = XCBuildConfiguration;
			buildSettings = {
				ALWAYS_SEARCH_USER_PATHS = NO;
				ARCHS = "$(ARCHS_STANDARD_32_BIT)";
				"CODE_SIGN_IDENTITY[sdk=iphoneos*]" = "iPhone Developer";
				COPY_PHASE_STRIP = NO;
				GCC_C_LANGUAGE_STANDARD = gnu99;
				GCC_DYNAMIC_NO_PIC = NO;
				GCC_OPTIMIZATION_LEVEL = 0;
				GCC_PREPROCESSOR_DEFINITIONS = (
					"DEBUG=1",
					"$(inherited)",
				);
				GCC_SYMBOLS_PRIVATE_EXTERN = NO;
				GCC_VERSION = com.apple.compilers.llvm.clang.1_0;
				GCC_WARN_ABOUT_MISSING_PROTOTYPES = YES;
				GCC_WARN_ABOUT_RETURN_TYPE = YES;
				GCC_WARN_UNUSED_VARIABLE = YES;
				IPHONEOS_DEPLOYMENT_TARGET = 5.0;
				SDKROOT = iphoneos;
			};
			name = Debug;
		};
		0F924EF11623AE8800C7FFEB /* Release */ = {
			isa = XCBuildConfiguration;
			buildSettings = {
				ALWAYS_SEARCH_USER_PATHS = NO;
				ARCHS = "$(ARCHS_STANDARD_32_BIT)";
				"CODE_SIGN_IDENTITY[sdk=iphoneos*]" = "iPhone Developer";
				COPY_PHASE_STRIP = YES;
				GCC_C_LANGUAGE_STANDARD = gnu99;
				GCC_VERSION = com.apple.compilers.llvm.clang.1_0;
				GCC_WARN_ABOUT_MISSING_PROTOTYPES = YES;
				GCC_WARN_ABOUT_RETURN_TYPE = YES;
				GCC_WARN_UNUSED_VARIABLE = YES;
				IPHONEOS_DEPLOYMENT_TARGET = 5.0;
				OTHER_CFLAGS = "-DNS_BLOCK_ASSERTIONS=1";
				SDKROOT = iphoneos;
				VALIDATE_PRODUCT = YES;
			};
			name = Release;
		};
		0F924EF31623AE8800C7FFEB /* Debug */ = {
			isa = XCBuildConfiguration;
			buildSettings = {
				GCC_PRECOMPILE_PREFIX_HEADER = YES;
				GCC_PREFIX_HEADER = "LogIn/LogIn-Prefix.pch";
				HEADER_SEARCH_PATHS = /usr/include/libxml2;
				INFOPLIST_FILE = "LogIn/LogIn-Info.plist";
				PRODUCT_NAME = "$(TARGET_NAME)";
				WRAPPER_EXTENSION = app;
			};
			name = Debug;
		};
		0F924EF41623AE8800C7FFEB /* Release */ = {
			isa = XCBuildConfiguration;
			buildSettings = {
				GCC_PRECOMPILE_PREFIX_HEADER = YES;
				GCC_PREFIX_HEADER = "LogIn/LogIn-Prefix.pch";
				HEADER_SEARCH_PATHS = /usr/include/libxml2;
				INFOPLIST_FILE = "LogIn/LogIn-Info.plist";
				PRODUCT_NAME = "$(TARGET_NAME)";
				WRAPPER_EXTENSION = app;
			};
			name = Release;
		};
/* End XCBuildConfiguration section */

/* Begin XCConfigurationList section */
		0F924ED41623AE8600C7FFEB /* Build configuration list for PBXProject "LogIn" */ = {
			isa = XCConfigurationList;
			buildConfigurations = (
				0F924EF01623AE8800C7FFEB /* Debug */,
				0F924EF11623AE8800C7FFEB /* Release */,
			);
			defaultConfigurationIsVisible = 0;
			defaultConfigurationName = Release;
		};
		0F924EF21623AE8800C7FFEB /* Build configuration list for PBXNativeTarget "LogIn" */ = {
			isa = XCConfigurationList;
			buildConfigurations = (
				0F924EF31623AE8800C7FFEB /* Debug */,
				0F924EF41623AE8800C7FFEB /* Release */,
			);
			defaultConfigurationIsVisible = 0;
			defaultConfigurationName = Release;
		};
/* End XCConfigurationList section */
	};
	rootObject = 0F924ED11623AE8600C7FFEB /* Project object */;
}
